// !$*UTF8*$!
{
	archiveVersion = 1;
	classes = {
	};
	objectVersion = 46;
	objects = {

/* Begin PBXBuildFile section */
		6904ECEB204AE12200C1023B /* AppDelegate.swift in Sources */ = {isa = PBXBuildFile; fileRef = 6904ECEA204AE12200C1023B /* AppDelegate.swift */; };
		6904ECED204AE12200C1023B /* MainVC.swift in Sources */ = {isa = PBXBuildFile; fileRef = 6904ECEC204AE12200C1023B /* MainVC.swift */; };
		6904ECF0204AE12200C1023B /* Main.storyboard in Resources */ = {isa = PBXBuildFile; fileRef = 6904ECEE204AE12200C1023B /* Main.storyboard */; };
		6904ECF2204AE12200C1023B /* Assets.xcassets in Resources */ = {isa = PBXBuildFile; fileRef = 6904ECF1204AE12200C1023B /* Assets.xcassets */; };
		6904ECF5204AE12200C1023B /* LaunchScreen.storyboard in Resources */ = {isa = PBXBuildFile; fileRef = 6904ECF3204AE12200C1023B /* LaunchScreen.storyboard */; };
		6904ED00204AF90400C1023B /* still time.ttf in Resources */ = {isa = PBXBuildFile; fileRef = 6904ECFF204AF90400C1023B /* still time.ttf */; };
		6904ED03204AFE9300C1023B /* videoVC.swift in Sources */ = {isa = PBXBuildFile; fileRef = 6904ED02204AFE9300C1023B /* videoVC.swift */; };
		6904ED05204B09E300C1023B /* videosCell.swift in Sources */ = {isa = PBXBuildFile; fileRef = 6904ED04204B09E300C1023B /* videosCell.swift */; };
		6904ED07204B0EB900C1023B /* customCell.swift in Sources */ = {isa = PBXBuildFile; fileRef = 6904ED06204B0EB900C1023B /* customCell.swift */; };
/* End PBXBuildFile section */

/* Begin PBXFileReference section */
		6904ECE7204AE12100C1023B /* songsApp.app */ = {isa = PBXFileReference; explicitFileType = wrapper.application; includeInIndex = 0; path = songsApp.app; sourceTree = BUILT_PRODUCTS_DIR; };
		6904ECEA204AE12200C1023B /* AppDelegate.swift */ = {isa = PBXFileReference; lastKnownFileType = sourcecode.swift; path = AppDelegate.swift; sourceTree = "<group>"; };
		6904ECEC204AE12200C1023B /* MainVC.swift */ = {isa = PBXFileReference; lastKnownFileType = sourcecode.swift; path = MainVC.swift; sourceTree = "<group>"; };
		6904ECEF204AE12200C1023B /* Base */ = {isa = PBXFileReference; lastKnownFileType = file.storyboard; name = Base; path = Base.lproj/Main.storyboard; sourceTree = "<group>"; };
		6904ECF1204AE12200C1023B /* Assets.xcassets */ = {isa = PBXFileReference; lastKnownFileType = folder.assetcatalog; path = Assets.xcassets; sourceTree = "<group>"; };
		6904ECF4204AE12200C1023B /* Base */ = {isa = PBXFileReference; lastKnownFileType = file.storyboard; name = Base; path = Base.lproj/LaunchScreen.storyboard; sourceTree = "<group>"; };
		6904ECF6204AE12200C1023B /* Info.plist */ = {isa = PBXFileReference; lastKnownFileType = text.plist.xml; path = Info.plist; sourceTree = "<group>"; };
		6904ECFF204AF90400C1023B /* still time.ttf */ = {isa = PBXFileReference; lastKnownFileType = file; path = "still time.ttf"; sourceTree = "<group>"; };
		6904ED02204AFE9300C1023B /* videoVC.swift */ = {isa = PBXFileReference; fileEncoding = 4; lastKnownFileType = sourcecode.swift; path = videoVC.swift; sourceTree = "<group>"; };
		6904ED04204B09E300C1023B /* videosCell.swift */ = {isa = PBXFileReference; fileEncoding = 4; lastKnownFileType = sourcecode.swift; path = videosCell.swift; sourceTree = "<group>"; };
		6904ED06204B0EB900C1023B /* customCell.swift */ = {isa = PBXFileReference; fileEncoding = 4; lastKnownFileType = sourcecode.swift; path = customCell.swift; sourceTree = "<group>"; };
/* End PBXFileReference section */

/* Begin PBXFrameworksBuildPhase section */
		6904ECE4204AE12100C1023B /* Frameworks */ = {
			isa = PBXFrameworksBuildPhase;
			buildActionMask = 2147483647;
			files = (
			);
			runOnlyForDeploymentPostprocessing = 0;
		};
/* End PBXFrameworksBuildPhase section */

/* Begin PBXGroup section */
		6904ECDE204AE12000C1023B = {
			isa = PBXGroup;
			children = (
				6904ECE9204AE12100C1023B /* songsApp */,
				6904ECE8204AE12100C1023B /* Products */,
			);
			sourceTree = "<group>";
		};
		6904ECE8204AE12100C1023B /* Products */ = {
			isa = PBXGroup;
			children = (
				6904ECE7204AE12100C1023B /* songsApp.app */,
			);
			name = Products;
			sourceTree = "<group>";
		};
		6904ECE9204AE12100C1023B /* songsApp */ = {
			isa = PBXGroup;
			children = (
				6904ED01204AF9D200C1023B /* Files */,
				6904ECFE204AE3C100C1023B /* Model */,
				6904ECFD204AE3A000C1023B /* View */,
				6904ECFC204AE36600C1023B /* Controller */,
				6904ECEA204AE12200C1023B /* AppDelegate.swift */,
				6904ECF3204AE12200C1023B /* LaunchScreen.storyboard */,
				6904ECEE204AE12200C1023B /* Main.storyboard */,
				6904ECF1204AE12200C1023B /* Assets.xcassets */,
				6904ECF6204AE12200C1023B /* Info.plist */,
			);
			path = songsApp;
			sourceTree = "<group>";
		};
		6904ECFC204AE36600C1023B /* Controller */ = {
			isa = PBXGroup;
			children = (
				6904ECEC204AE12200C1023B /* MainVC.swift */,
				6904ED02204AFE9300C1023B /* videoVC.swift */,
			);
			name = Controller;
			sourceTree = "<group>";
		};
		6904ECFD204AE3A000C1023B /* View */ = {
			isa = PBXGroup;
			children = (
				6904ED04204B09E300C1023B /* videosCell.swift */,
			);
			name = View;
			sourceTree = "<group>";
		};
		6904ECFE204AE3C100C1023B /* Model */ = {
			isa = PBXGroup;
			children = (
				6904ED06204B0EB900C1023B /* customCell.swift */,
			);
			name = Model;
			sourceTree = "<group>";
		};
		6904ED01204AF9D200C1023B /* Files */ = {
			isa = PBXGroup;
			children = (
				6904ECFF204AF90400C1023B /* still time.ttf */,
			);
			name = Files;
			sourceTree = "<group>";
		};
/* End PBXGroup section */

/* Begin PBXNativeTarget section */
		6904ECE6204AE12100C1023B /* songsApp */ = {
			isa = PBXNativeTarget;
			buildConfigurationList = 6904ECF9204AE12200C1023B /* Build configuration list for PBXNativeTarget "songsApp" */;
			buildPhases = (
				6904ECE3204AE12100C1023B /* Sources */,
				6904ECE4204AE12100C1023B /* Frameworks */,
				6904ECE5204AE12100C1023B /* Resources */,
			);
			buildRules = (
			);
			dependencies = (
			);
			name = songsApp;
			productName = songsApp;
			productReference = 6904ECE7204AE12100C1023B /* songsApp.app */;
			productType = "com.apple.product-type.application";
		};
/* End PBXNativeTarget section */

/* Begin PBXProject section */
		6904ECDF204AE12100C1023B /* Project object */ = {
			isa = PBXProject;
			attributes = {
				LastSwiftUpdateCheck = 0830;
				LastUpgradeCheck = 0830;
				ORGANIZATIONNAME = FARIDO;
				TargetAttributes = {
					6904ECE6204AE12100C1023B = {
						CreatedOnToolsVersion = 8.3.3;
						ProvisioningStyle = Automatic;
					};
				};
			};
			buildConfigurationList = 6904ECE2204AE12100C1023B /* Build configuration list for PBXProject "songsApp" */;
			compatibilityVersion = "Xcode 3.2";
			developmentRegion = English;
			hasScannedForEncodings = 0;
			knownRegions = (
				en,
				Base,
			);
			mainGroup = 6904ECDE204AE12000C1023B;
			productRefGroup = 6904ECE8204AE12100C1023B /* Products */;
			projectDirPath = "";
			projectRoot = "";
			targets = (
				6904ECE6204AE12100C1023B /* songsApp */,
			);
		};
/* End PBXProject section */

/* Begin PBXResourcesBuildPhase section */
		6904ECE5204AE12100C1023B /* Resources */ = {
			isa = PBXResourcesBuildPhase;
			buildActionMask = 2147483647;
			files = (
				6904ECF5204AE12200C1023B /* LaunchScreen.storyboard in Resources */,
				6904ED00204AF90400C1023B /* still time.ttf in Resources */,
				6904ECF2204AE12200C1023B /* Assets.xcassets in Resources */,
				6904ECF0204AE12200C1023B /* Main.storyboard in Resources */,
			);
			runOnlyForDeploymentPostprocessing = 0;
		};
/* End PBXResourcesBuildPhase section */

/* Begin PBXSourcesBuildPhase section */
		6904ECE3204AE12100C1023B /* Sources */ = {
			isa = PBXSourcesBuildPhase;
			buildActionMask = 2147483647;
			files = (
				6904ECED204AE12200C1023B /* MainVC.swift in Sources */,
				6904ED05204B09E300C1023B /* videosCell.swift in Sources */,
				6904ED07204B0EB900C1023B /* customCell.swift in Sources */,
				6904ED03204AFE9300C1023B /* videoVC.swift in Sources */,
				6904ECEB204AE12200C1023B /* AppDelegate.swift in Sources */,
			);
			runOnlyForDeploymentPostprocessing = 0;
		};
/* End PBXSourcesBuildPhase section */

/* Begin PBXVariantGroup section */
		6904ECEE204AE12200C1023B /* Main.storyboard */ = {
			isa = PBXVariantGroup;
			children = (
				6904ECEF204AE12200C1023B /* Base */,
			);
			name = Main.storyboard;
			sourceTree = "<group>";
		};
		6904ECF3204AE12200C1023B /* LaunchScreen.storyboard */ = {
			isa = PBXVariantGroup;
			children = (
				6904ECF4204AE12200C1023B /* Base */,
			);
			name = LaunchScreen.storyboard;
			sourceTree = "<group>";
		};
/* End PBXVariantGroup section */

/* Begin XCBuildConfiguration section */
		6904ECF7204AE12200C1023B /* Debug */ = {
			isa = XCBuildConfiguration;
			buildSettings = {
				ALWAYS_SEARCH_USER_PATHS = NO;
				CLANG_ANALYZER_NONNULL = YES;
				CLANG_ANALYZER_NUMBER_OBJECT_CONVERSION = YES_AGGRESSIVE;
				CLANG_CXX_LANGUAGE_STANDARD = "gnu++0x";
				CLANG_CXX_LIBRARY = "libc++";
				CLANG_ENABLE_MODULES = YES;
				CLANG_ENABLE_OBJC_ARC = YES;
				CLANG_WARN_BOOL_CONVERSION = YES;
				CLANG_WARN_CONSTANT_CONVERSION = YES;
				CLANG_WARN_DIRECT_OBJC_ISA_USAGE = YES_ERROR;
				CLANG_WARN_DOCUMENTATION_COMMENTS = YES;
				CLANG_WARN_EMPTY_BODY = YES;
				CLANG_WARN_ENUM_CONVERSION = YES;
				CLANG_WARN_INFINITE_RECURSION = YES;
				CLANG_WARN_INT_CONVERSION = YES;
				CLANG_WARN_OBJC_ROOT_CLASS = YES_ERROR;
				CLANG_WARN_SUSPICIOUS_MOVE = YES;
				CLANG_WARN_UNREACHABLE_CODE = YES;
				CLANG_WARN__DUPLICATE_METHOD_MATCH = YES;
				"CODE_SIGN_IDENTITY[sdk=iphoneos*]" = "iPhone Developer";
				COPY_PHASE_STRIP = NO;
				DEBUG_INFORMATION_FORMAT = dwarf;
				ENABLE_STRICT_OBJC_MSGSEND = YES;
				ENABLE_TESTABILITY = YES;
				GCC_C_LANGUAGE_STANDARD = gnu99;
				GCC_DYNAMIC_NO_PIC = NO;
				GCC_NO_COMMON_BLOCKS = YES;
				GCC_OPTIMIZATION_LEVEL = 0;
				GCC_PREPROCESSOR_DEFINITIONS = (
					"DEBUG=1",
					"$(inherited)",
				);
				GCC_WARN_64_TO_32_BIT_CONVERSION = YES;
				GCC_WARN_ABOUT_RETURN_TYPE = YES_ERROR;
				GCC_WARN_UNDECLARED_SELECTOR = YES;
				GCC_WARN_UNINITIALIZED_AUTOS = YES_AGGRESSIVE;
				GCC_WARN_UNUSED_FUNCTION = YES;
				GCC_WARN_UNUSED_VARIABLE = YES;
				IPHONEOS_DEPLOYMENT_TARGET = 10.3;
				MTL_ENABLE_DEBUG_INFO = YES;
				ONLY_ACTIVE_ARCH = YES;
				SDKROOT = iphoneos;
				SWIFT_ACTIVE_COMPILATION_CONDITIONS = DEBUG;
				SWIFT_OPTIMIZATION_LEVEL = "-Onone";
				TARGETED_DEVICE_FAMILY = "1,2";
			};
			name = Debug;
		};
		6904ECF8204AE12200C1023B /* Release */ = {
			isa = XCBuildConfiguration;
			buildSettings = {
				ALWAYS_SEARCH_USER_PATHS = NO;
				CLANG_ANALYZER_NONNULL = YES;
				CLANG_ANALYZER_NUMBER_OBJECT_CONVERSION = YES_AGGRESSIVE;
				CLANG_CXX_LANGUAGE_STANDARD = "gnu++0x";
				CLANG_CXX_LIBRARY = "libc++";
				CLANG_ENABLE_MODULES = YES;
				CLANG_ENABLE_OBJC_ARC = YES;
				CLANG_WARN_BOOL_CONVERSION = YES;
				CLANG_WARN_CONSTANT_CONVERSION = YES;
				CLANG_WARN_DIRECT_OBJC_ISA_USAGE = YES_ERROR;
				CLANG_WARN_DOCUMENTATION_COMMENTS = YES;
				CLANG_WARN_EMPTY_BODY = YES;
				CLANG_WARN_ENUM_CONVERSION = YES;
				CLANG_WARN_INFINITE_RECURSION = YES;
				CLANG_WARN_INT_CONVERSION = YES;
				CLANG_WARN_OBJC_ROOT_CLASS = YES_ERROR;
				CLANG_WARN_SUSPICIOUS_MOVE = YES;
				CLANG_WARN_UNREACHABLE_CODE = YES;
				CLANG_WARN__DUPLICATE_METHOD_MATCH = YES;
				"CODE_SIGN_IDENTITY[sdk=iphoneos*]" = "iPhone Developer";
				COPY_PHASE_STRIP = NO;
				DEBUG_INFORMATION_FORMAT = "dwarf-with-dsym";
				ENABLE_NS_ASSERTIONS = NO;
				ENABLE_STRICT_OBJC_MSGSEND = YES;
				GCC_C_LANGUAGE_STANDARD = gnu99;
				GCC_NO_COMMON_BLOCKS = YES;
				GCC_WARN_64_TO_32_BIT_CONVERSION = YES;
				GCC_WARN_ABOUT_RETURN_TYPE = YES_ERROR;
				GCC_WARN_UNDECLARED_SELECTOR = YES;
				GCC_WARN_UNINITIALIZED_AUTOS = YES_AGGRESSIVE;
				GCC_WARN_UNUSED_FUNCTION = YES;
				GCC_WARN_UNUSED_VARIABLE = YES;
				IPHONEOS_DEPLOYMENT_TARGET = 10.3;
				MTL_ENABLE_DEBUG_INFO = NO;
				SDKROOT = iphoneos;
				SWIFT_OPTIMIZATION_LEVEL = "-Owholemodule";
				TARGETED_DEVICE_FAMILY = "1,2";
				VALIDATE_PRODUCT = YES;
			};
			name = Release;
		};
		6904ECFA204AE12200C1023B /* Debug */ = {
			isa = XCBuildConfiguration;
			buildSettings = {
				ASSETCATALOG_COMPILER_APPICON_NAME = AppIcon;
				INFOPLIST_FILE = songsApp/Info.plist;
				LD_RUNPATH_SEARCH_PATHS = "$(inherited) @executable_path/Frameworks";
				PRODUCT_BUNDLE_IDENTIFIER = com.farid.Mohar.songsApp;
				PRODUCT_NAME = "$(TARGET_NAME)";
				SWIFT_VERSION = 3.0;
			};
			name = Debug;
		};
		6904ECFB204AE12200C1023B /* Release */ = {
			isa = XCBuildConfiguration;
			buildSettings = {
				ASSETCATALOG_COMPILER_APPICON_NAME = AppIcon;
				INFOPLIST_FILE = songsApp/Info.plist;
				LD_RUNPATH_SEARCH_PATHS = "$(inherited) @executable_path/Frameworks";
				PRODUCT_BUNDLE_IDENTIFIER = com.farid.Mohar.songsApp;
				PRODUCT_NAME = "$(TARGET_NAME)";
				SWIFT_VERSION = 3.0;
			};
			name = Release;
		};
/* End XCBuildConfiguration section */

/* Begin XCConfigurationList section */
		6904ECE2204AE12100C1023B /* Build configuration list for PBXProject "songsApp" */ = {
			isa = XCConfigurationList;
			buildConfigurations = (
				6904ECF7204AE12200C1023B /* Debug */,
				6904ECF8204AE12200C1023B /* Release */,
			);
			defaultConfigurationIsVisible = 0;
			defaultConfigurationName = Release;
		};
		6904ECF9204AE12200C1023B /* Build configuration list for PBXNativeTarget "songsApp" */ = {
			isa = XCConfigurationList;
			buildConfigurations = (
				6904ECFA204AE12200C1023B /* Debug */,
				6904ECFB204AE12200C1023B /* Release */,
			);
			defaultConfigurationIsVisible = 0;
		};
/* End XCConfigurationList section */
	};
	rootObject = 6904ECDF204AE12100C1023B /* Project object */;
}
